
Microsoft Visual Studio Solution File, Format Version 12.00
# Visual Studio Version 16
VisualStudioVersion = 16.0.31205.134
MinimumVisualStudioVersion = 10.0.40219.1
Project("{9A19103F-16F7-4668-BE54-9A1E7A4F7556}") = "MVCFirstDemo", "MVCFirstDemo\MVCFirstDemo.csproj", "{A006A796-B91B-4FDE-8608-2E7C529EEF0C}"
EndProject
Project("{FAE04EC0-301F-11D3-BF4B-00C04F79EFBC}") = "DenpendencyInjection", "DenpendencyInjection\DenpendencyInjection.csproj", "{6C9F87FB-50C0-4C48-A62A-F83883DF2793}"
EndProject
Global
	GlobalSection(SolutionConfigurationPlatforms) = preSolution
		Debug|Any CPU = Debug|Any CPU
		Release|Any CPU = Release|Any CPU
	EndGlobalSection
	GlobalSection(ProjectConfigurationPlatforms) = postSolution
		{A006A796-B91B-4FDE-8608-2E7C529EEF0C}.Debug|Any CPU.ActiveCfg = Debug|Any CPU
		{A006A796-B91B-4FDE-8608-2E7C529EEF0C}.Debug|Any CPU.Build.0 = Debug|Any CPU
		{A006A796-B91B-4FDE-8608-2E7C529EEF0C}.Release|Any CPU.ActiveCfg = Release|Any CPU
		{A006A796-B91B-4FDE-8608-2E7C529EEF0C}.Release|Any CPU.Build.0 = Release|Any CPU
		{6C9F87FB-50C0-4C48-A62A-F83883DF2793}.Debug|Any CPU.ActiveCfg = Debug|Any CPU
		{6C9F87FB-50C0-4C48-A62A-F83883DF2793}.Debug|Any CPU.Build.0 = Debug|Any CPU
		{6C9F87FB-50C0-4C48-A62A-F83883DF2793}.Release|Any CPU.ActiveCfg = Release|Any CPU
		{6C9F87FB-50C0-4C48-A62A-F83883DF2793}.Release|Any CPU.Build.0 = Release|Any CPU
	EndGlobalSection
	GlobalSection(SolutionProperties) = preSolution
		HideSolutionNode = FALSE
	EndGlobalSection
	GlobalSection(ExtensibilityGlobals) = postSolution
		SolutionGuid = {EDC19185-17D9-4764-BE9A-036CFD4F5F44}
	EndGlobalSection
EndGlobal
