
Microsoft Visual Studio Solution File, Format Version 12.00
# Visual Studio Version 16
VisualStudioVersion = 16.0.31424.327
MinimumVisualStudioVersion = 10.0.40219.1
Project("{FAE04EC0-301F-11D3-BF4B-00C04F79EFBC}") = "ECommerceSystem.web", "ECommerceSystem.web\ECommerceSystem.web.csproj", "{3E034619-E18F-464D-8013-67385164ADAA}"
EndProject
Project("{FAE04EC0-301F-11D3-BF4B-00C04F79EFBC}") = "ECommerceSystem.Inventory", "ECommerceSystem.Inventory\ECommerceSystem.Inventory.csproj", "{46CBEDE3-B24E-40AB-95FB-650A4AD96BD5}"
EndProject
Project("{FAE04EC0-301F-11D3-BF4B-00C04F79EFBC}") = "ECommerceSystem.Data", "ECommerceSystem.Data\ECommerceSystem.Data.csproj", "{EB618E88-CBF9-4B56-8464-3C404A350E19}"
EndProject
Global
	GlobalSection(SolutionConfigurationPlatforms) = preSolution
		Debug|Any CPU = Debug|Any CPU
		Release|Any CPU = Release|Any CPU
	EndGlobalSection
	GlobalSection(ProjectConfigurationPlatforms) = postSolution
		{3E034619-E18F-464D-8013-67385164ADAA}.Debug|Any CPU.ActiveCfg = Debug|Any CPU
		{3E034619-E18F-464D-8013-67385164ADAA}.Debug|Any CPU.Build.0 = Debug|Any CPU
		{3E034619-E18F-464D-8013-67385164ADAA}.Release|Any CPU.ActiveCfg = Release|Any CPU
		{3E034619-E18F-464D-8013-67385164ADAA}.Release|Any CPU.Build.0 = Release|Any CPU
		{46CBEDE3-B24E-40AB-95FB-650A4AD96BD5}.Debug|Any CPU.ActiveCfg = Debug|Any CPU
		{46CBEDE3-B24E-40AB-95FB-650A4AD96BD5}.Debug|Any CPU.Build.0 = Debug|Any CPU
		{46CBEDE3-B24E-40AB-95FB-650A4AD96BD5}.Release|Any CPU.ActiveCfg = Release|Any CPU
		{46CBEDE3-B24E-40AB-95FB-650A4AD96BD5}.Release|Any CPU.Build.0 = Release|Any CPU
		{EB618E88-CBF9-4B56-8464-3C404A350E19}.Debug|Any CPU.ActiveCfg = Debug|Any CPU
		{EB618E88-CBF9-4B56-8464-3C404A350E19}.Debug|Any CPU.Build.0 = Debug|Any CPU
		{EB618E88-CBF9-4B56-8464-3C404A350E19}.Release|Any CPU.ActiveCfg = Release|Any CPU
		{EB618E88-CBF9-4B56-8464-3C404A350E19}.Release|Any CPU.Build.0 = Release|Any CPU
	EndGlobalSection
	GlobalSection(SolutionProperties) = preSolution
		HideSolutionNode = FALSE
	EndGlobalSection
	GlobalSection(ExtensibilityGlobals) = postSolution
		SolutionGuid = {A5C1931D-77C8-46C4-B2F3-A29905716D5B}
	EndGlobalSection
EndGlobal
