
Microsoft Visual Studio Solution File, Format Version 12.00
# Visual Studio Version 16
VisualStudioVersion = 16.0.31424.327
MinimumVisualStudioVersion = 10.0.40219.1
Project("{FAE04EC0-301F-11D3-BF4B-00C04F79EFBC}") = "AttendanceSystem.Web", "AttendanceSystem.Web\AttendanceSystem.Web.csproj", "{0603F474-527B-4621-9733-25407EC8E65A}"
EndProject
Project("{FAE04EC0-301F-11D3-BF4B-00C04F79EFBC}") = "AttendanceSystem.Data", "AttendanceSystem.Data\AttendanceSystem.Data.csproj", "{DA8B54CA-1222-4032-A8E4-4EDE74187E15}"
EndProject
Project("{FAE04EC0-301F-11D3-BF4B-00C04F79EFBC}") = "AttendanceSystem.TNA", "AttendanceSystem.TNA\AttendanceSystem.TNA.csproj", "{3C99395D-C616-49B0-9970-9F8EC2523A20}"
EndProject
Global
	GlobalSection(SolutionConfigurationPlatforms) = preSolution
		Debug|Any CPU = Debug|Any CPU
		Release|Any CPU = Release|Any CPU
	EndGlobalSection
	GlobalSection(ProjectConfigurationPlatforms) = postSolution
		{0603F474-527B-4621-9733-25407EC8E65A}.Debug|Any CPU.ActiveCfg = Debug|Any CPU
		{0603F474-527B-4621-9733-25407EC8E65A}.Debug|Any CPU.Build.0 = Debug|Any CPU
		{0603F474-527B-4621-9733-25407EC8E65A}.Release|Any CPU.ActiveCfg = Release|Any CPU
		{0603F474-527B-4621-9733-25407EC8E65A}.Release|Any CPU.Build.0 = Release|Any CPU
		{DA8B54CA-1222-4032-A8E4-4EDE74187E15}.Debug|Any CPU.ActiveCfg = Debug|Any CPU
		{DA8B54CA-1222-4032-A8E4-4EDE74187E15}.Debug|Any CPU.Build.0 = Debug|Any CPU
		{DA8B54CA-1222-4032-A8E4-4EDE74187E15}.Release|Any CPU.ActiveCfg = Release|Any CPU
		{DA8B54CA-1222-4032-A8E4-4EDE74187E15}.Release|Any CPU.Build.0 = Release|Any CPU
		{3C99395D-C616-49B0-9970-9F8EC2523A20}.Debug|Any CPU.ActiveCfg = Debug|Any CPU
		{3C99395D-C616-49B0-9970-9F8EC2523A20}.Debug|Any CPU.Build.0 = Debug|Any CPU
		{3C99395D-C616-49B0-9970-9F8EC2523A20}.Release|Any CPU.ActiveCfg = Release|Any CPU
		{3C99395D-C616-49B0-9970-9F8EC2523A20}.Release|Any CPU.Build.0 = Release|Any CPU
	EndGlobalSection
	GlobalSection(SolutionProperties) = preSolution
		HideSolutionNode = FALSE
	EndGlobalSection
	GlobalSection(ExtensibilityGlobals) = postSolution
		SolutionGuid = {B1512672-C7DE-4EFA-8497-F5844AC2CA54}
	EndGlobalSection
EndGlobal
